
Microsoft Visual Studio Solution File, Format Version 12.00
# Visual Studio Version 17
VisualStudioVersion = 17.5.002.0
MinimumVisualStudioVersion = 10.0.40219.1
Project("{9A19103F-16F7-4668-BE54-9A1E7A4F7556}") = "VimeoDownloader", "VimeoDownloader\VimeoDownloader.csproj", "{27E20FA3-8ACE-44E1-BA63-BAC2FBBA6D0E}"
EndProject
Project("{E53339B2-1760-4266-BCC7-CA923CBCF16C}") = "docker-compose", "docker-compose.dcproj", "{F8F1AB75-C8D0-4F4D-8B1A-86B02BC410D7}"
EndProject
Project("{9A19103F-16F7-4668-BE54-9A1E7A4F7556}") = "SemanticChunker", "SemanticChunker\SemanticChunker.csproj", "{1B18F316-F0EE-4371-9D80-FC7D870704C7}"
EndProject
Project("{9A19103F-16F7-4668-BE54-9A1E7A4F7556}") = "Resegmenter", "Resegmenter\Resegmenter.csproj", "{BA03F412-56A8-46F4-9B77-153244C854DE}"
EndProject
Project("{FAE04EC0-301F-11D3-BF4B-00C04F79EFBC}") = "YouTubeDownloader", "YouTubeDownloader\YouTubeDownloader.csproj", "{4CC309CF-F482-4559-9443-44C611B3F34D}"
EndProject
Global
	GlobalSection(SolutionConfigurationPlatforms) = preSolution
		Debug|Any CPU = Debug|Any CPU
		Release|Any CPU = Release|Any CPU
	EndGlobalSection
	GlobalSection(ProjectConfigurationPlatforms) = postSolution
		{27E20FA3-8ACE-44E1-BA63-BAC2FBBA6D0E}.Debug|Any CPU.ActiveCfg = Debug|Any CPU
		{27E20FA3-8ACE-44E1-BA63-BAC2FBBA6D0E}.Debug|Any CPU.Build.0 = Debug|Any CPU
		{27E20FA3-8ACE-44E1-BA63-BAC2FBBA6D0E}.Release|Any CPU.ActiveCfg = Release|Any CPU
		{27E20FA3-8ACE-44E1-BA63-BAC2FBBA6D0E}.Release|Any CPU.Build.0 = Release|Any CPU
		{F8F1AB75-C8D0-4F4D-8B1A-86B02BC410D7}.Debug|Any CPU.ActiveCfg = Debug|Any CPU
		{F8F1AB75-C8D0-4F4D-8B1A-86B02BC410D7}.Debug|Any CPU.Build.0 = Debug|Any CPU
		{F8F1AB75-C8D0-4F4D-8B1A-86B02BC410D7}.Release|Any CPU.ActiveCfg = Release|Any CPU
		{F8F1AB75-C8D0-4F4D-8B1A-86B02BC410D7}.Release|Any CPU.Build.0 = Release|Any CPU
		{1B18F316-F0EE-4371-9D80-FC7D870704C7}.Debug|Any CPU.ActiveCfg = Debug|Any CPU
		{1B18F316-F0EE-4371-9D80-FC7D870704C7}.Debug|Any CPU.Build.0 = Debug|Any CPU
		{1B18F316-F0EE-4371-9D80-FC7D870704C7}.Release|Any CPU.ActiveCfg = Release|Any CPU
		{1B18F316-F0EE-4371-9D80-FC7D870704C7}.Release|Any CPU.Build.0 = Release|Any CPU
		{BA03F412-56A8-46F4-9B77-153244C854DE}.Debug|Any CPU.ActiveCfg = Debug|Any CPU
		{BA03F412-56A8-46F4-9B77-153244C854DE}.Debug|Any CPU.Build.0 = Debug|Any CPU
		{BA03F412-56A8-46F4-9B77-153244C854DE}.Release|Any CPU.ActiveCfg = Release|Any CPU
		{BA03F412-56A8-46F4-9B77-153244C854DE}.Release|Any CPU.Build.0 = Release|Any CPU
		{4CC309CF-F482-4559-9443-44C611B3F34D}.Debug|Any CPU.ActiveCfg = Debug|Any CPU
		{4CC309CF-F482-4559-9443-44C611B3F34D}.Debug|Any CPU.Build.0 = Debug|Any CPU
		{4CC309CF-F482-4559-9443-44C611B3F34D}.Release|Any CPU.ActiveCfg = Release|Any CPU
		{4CC309CF-F482-4559-9443-44C611B3F34D}.Release|Any CPU.Build.0 = Release|Any CPU
	EndGlobalSection
	GlobalSection(SolutionProperties) = preSolution
		HideSolutionNode = FALSE
	EndGlobalSection
	GlobalSection(ExtensibilityGlobals) = postSolution
		SolutionGuid = {97E26A7F-CF2B-4DD2-8AA6-5B48D05B071C}
	EndGlobalSection
EndGlobal
